
Microsoft Visual Studio Solution File, Format Version 12.00
# Visual Studio Version 16
VisualStudioVersion = 16.0.29613.14
MinimumVisualStudioVersion = 10.0.40219.1
Project("{FAE04EC0-301F-11D3-BF4B-00C04F79EFBC}") = "Library2_0", "Library2_0\Library2_0.csproj", "{CF01B870-1A1C-4DBB-BA23-6636923F0B9A}"
EndProject
Global
	GlobalSection(SolutionConfigurationPlatforms) = preSolution
		Debug|Any CPU = Debug|Any CPU
		Release|Any CPU = Release|Any CPU
	EndGlobalSection
	GlobalSection(ProjectConfigurationPlatforms) = postSolution
		{CF01B870-1A1C-4DBB-BA23-6636923F0B9A}.Debug|Any CPU.ActiveCfg = Debug|Any CPU
		{CF01B870-1A1C-4DBB-BA23-6636923F0B9A}.Debug|Any CPU.Build.0 = Debug|Any CPU
		{CF01B870-1A1C-4DBB-BA23-6636923F0B9A}.Release|Any CPU.ActiveCfg = Release|Any CPU
		{CF01B870-1A1C-4DBB-BA23-6636923F0B9A}.Release|Any CPU.Build.0 = Release|Any CPU
	EndGlobalSection
	GlobalSection(SolutionProperties) = preSolution
		HideSolutionNode = FALSE
	EndGlobalSection
	GlobalSection(ExtensibilityGlobals) = postSolution
		SolutionGuid = {FFD8F769-9625-4C7B-8773-8AE7B0C44257}
	EndGlobalSection
EndGlobal
